
Microsoft Visual Studio Solution File, Format Version 12.00
# Visual Studio Version 17
VisualStudioVersion = 17.14.36301.6 d17.14
MinimumVisualStudioVersion = 10.0.40219.1
Project("{FAE04EC0-301F-11D3-BF4B-00C04F79EFBC}") = "JugendLeagueWeb", "JugendLeagueWeb\JugendLeagueWeb.csproj", "{7527D7D3-D241-4C36-99DF-C6ECB08F0CFC}"
EndProject
Global
	GlobalSection(SolutionConfigurationPlatforms) = preSolution
		Debug|Any CPU = Debug|Any CPU
		Release|Any CPU = Release|Any CPU
	EndGlobalSection
	GlobalSection(ProjectConfigurationPlatforms) = postSolution
		{7527D7D3-D241-4C36-99DF-C6ECB08F0CFC}.Debug|Any CPU.ActiveCfg = Debug|Any CPU
		{7527D7D3-D241-4C36-99DF-C6ECB08F0CFC}.Debug|Any CPU.Build.0 = Debug|Any CPU
		{7527D7D3-D241-4C36-99DF-C6ECB08F0CFC}.Release|Any CPU.ActiveCfg = Release|Any CPU
		{7527D7D3-D241-4C36-99DF-C6ECB08F0CFC}.Release|Any CPU.Build.0 = Release|Any CPU
	EndGlobalSection
	GlobalSection(SolutionProperties) = preSolution
		HideSolutionNode = FALSE
	EndGlobalSection
	GlobalSection(ExtensibilityGlobals) = postSolution
		SolutionGuid = {CD735FBB-E1BA-41E7-A8E5-96C98A5223EA}
	EndGlobalSection
EndGlobal
